
Microsoft Visual Studio Solution File, Format Version 12.00
# Visual Studio Version 17
VisualStudioVersion = 17.7.34024.191
MinimumVisualStudioVersion = 10.0.40219.1
Project("{FAE04EC0-301F-11D3-BF4B-00C04F79EFBC}") = "Bee.Timer", "Bee.Timer\Bee.Timer.csproj", "{BB548005-B894-426E-BAA1-4A984FEACDBD}"
EndProject
Global
	GlobalSection(SolutionConfigurationPlatforms) = preSolution
		Debug|Any CPU = Debug|Any CPU
		Release|Any CPU = Release|Any CPU
	EndGlobalSection
	GlobalSection(ProjectConfigurationPlatforms) = postSolution
		{BB548005-B894-426E-BAA1-4A984FEACDBD}.Debug|Any CPU.ActiveCfg = Debug|Any CPU
		{BB548005-B894-426E-BAA1-4A984FEACDBD}.Debug|Any CPU.Build.0 = Debug|Any CPU
		{BB548005-B894-426E-BAA1-4A984FEACDBD}.Release|Any CPU.ActiveCfg = Release|Any CPU
		{BB548005-B894-426E-BAA1-4A984FEACDBD}.Release|Any CPU.Build.0 = Release|Any CPU
	EndGlobalSection
	GlobalSection(SolutionProperties) = preSolution
		HideSolutionNode = FALSE
	EndGlobalSection
	GlobalSection(ExtensibilityGlobals) = postSolution
		SolutionGuid = {93203644-DB46-4116-8142-3BC6582C483F}
	EndGlobalSection
EndGlobal
